// !$*UTF8*$!
{
	archiveVersion = 1;
	classes = {
	};
	objectVersion = 50;
	objects = {

/* Begin PBXBuildFile section */
		84F9B79E25DF472700A87186 /* AppDelegate.swift in Sources */ = {isa = PBXBuildFile; fileRef = 84F9B79D25DF472700A87186 /* AppDelegate.swift */; };
		84F9B7A025DF472700A87186 /* SceneDelegate.swift in Sources */ = {isa = PBXBuildFile; fileRef = 84F9B79F25DF472700A87186 /* SceneDelegate.swift */; };
		84F9B7A225DF472700A87186 /* ViewController.swift in Sources */ = {isa = PBXBuildFile; fileRef = 84F9B7A125DF472700A87186 /* ViewController.swift */; };
		84F9B7A525DF472700A87186 /* Main.storyboard in Resources */ = {isa = PBXBuildFile; fileRef = 84F9B7A325DF472700A87186 /* Main.storyboard */; };
		84F9B7A725DF472900A87186 /* Assets.xcassets in Resources */ = {isa = PBXBuildFile; fileRef = 84F9B7A625DF472900A87186 /* Assets.xcassets */; };
		84F9B7AA25DF472900A87186 /* LaunchScreen.storyboard in Resources */ = {isa = PBXBuildFile; fileRef = 84F9B7A825DF472900A87186 /* LaunchScreen.storyboard */; };
		84F9B7B525DF472900A87186 /* FlixsterTests.swift in Sources */ = {isa = PBXBuildFile; fileRef = 84F9B7B425DF472900A87186 /* FlixsterTests.swift */; };
		84F9B7C025DF472900A87186 /* FlixsterUITests.swift in Sources */ = {isa = PBXBuildFile; fileRef = 84F9B7BF25DF472900A87186 /* FlixsterUITests.swift */; };
/* End PBXBuildFile section */

/* Begin PBXContainerItemProxy section */
		84F9B7B125DF472900A87186 /* PBXContainerItemProxy */ = {
			isa = PBXContainerItemProxy;
			containerPortal = 84F9B79225DF472700A87186 /* Project object */;
			proxyType = 1;
			remoteGlobalIDString = 84F9B79925DF472700A87186;
			remoteInfo = Flixster;
		};
		84F9B7BC25DF472900A87186 /* PBXContainerItemProxy */ = {
			isa = PBXContainerItemProxy;
			containerPortal = 84F9B79225DF472700A87186 /* Project object */;
			proxyType = 1;
			remoteGlobalIDString = 84F9B79925DF472700A87186;
			remoteInfo = Flixster;
		};
/* End PBXContainerItemProxy section */

/* Begin PBXFileReference section */
		84F9B79A25DF472700A87186 /* Flixster.app */ = {isa = PBXFileReference; explicitFileType = wrapper.application; includeInIndex = 0; path = Flixster.app; sourceTree = BUILT_PRODUCTS_DIR; };
		84F9B79D25DF472700A87186 /* AppDelegate.swift */ = {isa = PBXFileReference; lastKnownFileType = sourcecode.swift; path = AppDelegate.swift; sourceTree = "<group>"; };
		84F9B79F25DF472700A87186 /* SceneDelegate.swift */ = {isa = PBXFileReference; lastKnownFileType = sourcecode.swift; path = SceneDelegate.swift; sourceTree = "<group>"; };
		84F9B7A125DF472700A87186 /* ViewController.swift */ = {isa = PBXFileReference; lastKnownFileType = sourcecode.swift; path = ViewController.swift; sourceTree = "<group>"; };
		84F9B7A425DF472700A87186 /* Base */ = {isa = PBXFileReference; lastKnownFileType = file.storyboard; name = Base; path = Base.lproj/Main.storyboard; sourceTree = "<group>"; };
		84F9B7A625DF472900A87186 /* Assets.xcassets */ = {isa = PBXFileReference; lastKnownFileType = folder.assetcatalog; path = Assets.xcassets; sourceTree = "<group>"; };
		84F9B7A925DF472900A87186 /* Base */ = {isa = PBXFileReference; lastKnownFileType = file.storyboard; name = Base; path = Base.lproj/LaunchScreen.storyboard; sourceTree = "<group>"; };
		84F9B7AB25DF472900A87186 /* Info.plist */ = {isa = PBXFileReference; lastKnownFileType = text.plist.xml; path = Info.plist; sourceTree = "<group>"; };
		84F9B7B025DF472900A87186 /* FlixsterTests.xctest */ = {isa = PBXFileReference; explicitFileType = wrapper.cfbundle; includeInIndex = 0; path = FlixsterTests.xctest; sourceTree = BUILT_PRODUCTS_DIR; };
		84F9B7B425DF472900A87186 /* FlixsterTests.swift */ = {isa = PBXFileReference; lastKnownFileType = sourcecode.swift; path = FlixsterTests.swift; sourceTree = "<group>"; };
		84F9B7B625DF472900A87186 /* Info.plist */ = {isa = PBXFileReference; lastKnownFileType = text.plist.xml; path = Info.plist; sourceTree = "<group>"; };
		84F9B7BB25DF472900A87186 /* FlixsterUITests.xctest */ = {isa = PBXFileReference; explicitFileType = wrapper.cfbundle; includeInIndex = 0; path = FlixsterUITests.xctest; sourceTree = BUILT_PRODUCTS_DIR; };
		84F9B7BF25DF472900A87186 /* FlixsterUITests.swift */ = {isa = PBXFileReference; lastKnownFileType = sourcecode.swift; path = FlixsterUITests.swift; sourceTree = "<group>"; };
		84F9B7C125DF472900A87186 /* Info.plist */ = {isa = PBXFileReference; lastKnownFileType = text.plist.xml; path = Info.plist; sourceTree = "<group>"; };
/* End PBXFileReference section */

/* Begin PBXFrameworksBuildPhase section */
		84F9B79725DF472700A87186 /* Frameworks */ = {
			isa = PBXFrameworksBuildPhase;
			buildActionMask = 2147483647;
			files = (
			);
			runOnlyForDeploymentPostprocessing = 0;
		};
		84F9B7AD25DF472900A87186 /* Frameworks */ = {
			isa = PBXFrameworksBuildPhase;
			buildActionMask = 2147483647;
			files = (
			);
			runOnlyForDeploymentPostprocessing = 0;
		};
		84F9B7B825DF472900A87186 /* Frameworks */ = {
			isa = PBXFrameworksBuildPhase;
			buildActionMask = 2147483647;
			files = (
			);
			runOnlyForDeploymentPostprocessing = 0;
		};
/* End PBXFrameworksBuildPhase section */

/* Begin PBXGroup section */
		84F9B79125DF472700A87186 = {
			isa = PBXGroup;
			children = (
				84F9B79C25DF472700A87186 /* Flixster */,
				84F9B7B325DF472900A87186 /* FlixsterTests */,
				84F9B7BE25DF472900A87186 /* FlixsterUITests */,
				84F9B79B25DF472700A87186 /* Products */,
			);
			sourceTree = "<group>";
		};
		84F9B79B25DF472700A87186 /* Products */ = {
			isa = PBXGroup;
			children = (
				84F9B79A25DF472700A87186 /* Flixster.app */,
				84F9B7B025DF472900A87186 /* FlixsterTests.xctest */,
				84F9B7BB25DF472900A87186 /* FlixsterUITests.xctest */,
			);
			name = Products;
			sourceTree = "<group>";
		};
		84F9B79C25DF472700A87186 /* Flixster */ = {
			isa = PBXGroup;
			children = (
				84F9B79D25DF472700A87186 /* AppDelegate.swift */,
				84F9B79F25DF472700A87186 /* SceneDelegate.swift */,
				84F9B7A125DF472700A87186 /* ViewController.swift */,
				84F9B7A325DF472700A87186 /* Main.storyboard */,
				84F9B7A625DF472900A87186 /* Assets.xcassets */,
				84F9B7A825DF472900A87186 /* LaunchScreen.storyboard */,
				84F9B7AB25DF472900A87186 /* Info.plist */,
			);
			path = Flixster;
			sourceTree = "<group>";
		};
		84F9B7B325DF472900A87186 /* FlixsterTests */ = {
			isa = PBXGroup;
			children = (
				84F9B7B425DF472900A87186 /* FlixsterTests.swift */,
				84F9B7B625DF472900A87186 /* Info.plist */,
			);
			path = FlixsterTests;
			sourceTree = "<group>";
		};
		84F9B7BE25DF472900A87186 /* FlixsterUITests */ = {
			isa = PBXGroup;
			children = (
				84F9B7BF25DF472900A87186 /* FlixsterUITests.swift */,
				84F9B7C125DF472900A87186 /* Info.plist */,
			);
			path = FlixsterUITests;
			sourceTree = "<group>";
		};
/* End PBXGroup section */

/* Begin PBXNativeTarget section */
		84F9B79925DF472700A87186 /* Flixster */ = {
			isa = PBXNativeTarget;
			buildConfigurationList = 84F9B7C425DF472900A87186 /* Build configuration list for PBXNativeTarget "Flixster" */;
			buildPhases = (
				84F9B79625DF472700A87186 /* Sources */,
				84F9B79725DF472700A87186 /* Frameworks */,
				84F9B79825DF472700A87186 /* Resources */,
			);
			buildRules = (
			);
			dependencies = (
			);
			name = Flixster;
			productName = Flixster;
			productReference = 84F9B79A25DF472700A87186 /* Flixster.app */;
			productType = "com.apple.product-type.application";
		};
		84F9B7AF25DF472900A87186 /* FlixsterTests */ = {
			isa = PBXNativeTarget;
			buildConfigurationList = 84F9B7C725DF472900A87186 /* Build configuration list for PBXNativeTarget "FlixsterTests" */;
			buildPhases = (
				84F9B7AC25DF472900A87186 /* Sources */,
				84F9B7AD25DF472900A87186 /* Frameworks */,
				84F9B7AE25DF472900A87186 /* Resources */,
			);
			buildRules = (
			);
			dependencies = (
				84F9B7B225DF472900A87186 /* PBXTargetDependency */,
			);
			name = FlixsterTests;
			productName = FlixsterTests;
			productReference = 84F9B7B025DF472900A87186 /* FlixsterTests.xctest */;
			productType = "com.apple.product-type.bundle.unit-test";
		};
		84F9B7BA25DF472900A87186 /* FlixsterUITests */ = {
			isa = PBXNativeTarget;
			buildConfigurationList = 84F9B7CA25DF472900A87186 /* Build configuration list for PBXNativeTarget "FlixsterUITests" */;
			buildPhases = (
				84F9B7B725DF472900A87186 /* Sources */,
				84F9B7B825DF472900A87186 /* Frameworks */,
				84F9B7B925DF472900A87186 /* Resources */,
			);
			buildRules = (
			);
			dependencies = (
				84F9B7BD25DF472900A87186 /* PBXTargetDependency */,
			);
			name = FlixsterUITests;
			productName = FlixsterUITests;
			productReference = 84F9B7BB25DF472900A87186 /* FlixsterUITests.xctest */;
			productType = "com.apple.product-type.bundle.ui-testing";
		};
/* End PBXNativeTarget section */

/* Begin PBXProject section */
		84F9B79225DF472700A87186 /* Project object */ = {
			isa = PBXProject;
			attributes = {
				LastSwiftUpdateCheck = 1240;
				LastUpgradeCheck = 1240;
				TargetAttributes = {
					84F9B79925DF472700A87186 = {
						CreatedOnToolsVersion = 12.4;
					};
					84F9B7AF25DF472900A87186 = {
						CreatedOnToolsVersion = 12.4;
						TestTargetID = 84F9B79925DF472700A87186;
					};
					84F9B7BA25DF472900A87186 = {
						CreatedOnToolsVersion = 12.4;
						TestTargetID = 84F9B79925DF472700A87186;
					};
				};
			};
			buildConfigurationList = 84F9B79525DF472700A87186 /* Build configuration list for PBXProject "Flixster" */;
			compatibilityVersion = "Xcode 9.3";
			developmentRegion = en;
			hasScannedForEncodings = 0;
			knownRegions = (
				en,
				Base,
			);
			mainGroup = 84F9B79125DF472700A87186;
			productRefGroup = 84F9B79B25DF472700A87186 /* Products */;
			projectDirPath = "";
			projectRoot = "";
			targets = (
				84F9B79925DF472700A87186 /* Flixster */,
				84F9B7AF25DF472900A87186 /* FlixsterTests */,
				84F9B7BA25DF472900A87186 /* FlixsterUITests */,
			);
		};
/* End PBXProject section */

/* Begin PBXResourcesBuildPhase section */
		84F9B79825DF472700A87186 /* Resources */ = {
			isa = PBXResourcesBuildPhase;
			buildActionMask = 2147483647;
			files = (
				84F9B7AA25DF472900A87186 /* LaunchScreen.storyboard in Resources */,
				84F9B7A725DF472900A87186 /* Assets.xcassets in Resources */,
				84F9B7A525DF472700A87186 /* Main.storyboard in Resources */,
			);
			runOnlyForDeploymentPostprocessing = 0;
		};
		84F9B7AE25DF472900A87186 /* Resources */ = {
			isa = PBXResourcesBuildPhase;
			buildActionMask = 2147483647;
			files = (
			);
			runOnlyForDeploymentPostprocessing = 0;
		};
		84F9B7B925DF472900A87186 /* Resources */ = {
			isa = PBXResourcesBuildPhase;
			buildActionMask = 2147483647;
			files = (
			);
			runOnlyForDeploymentPostprocessing = 0;
		};
/* End PBXResourcesBuildPhase section */

/* Begin PBXSourcesBuildPhase section */
		84F9B79625DF472700A87186 /* Sources */ = {
			isa = PBXSourcesBuildPhase;
			buildActionMask = 2147483647;
			files = (
				84F9B7A225DF472700A87186 /* ViewController.swift in Sources */,
				84F9B79E25DF472700A87186 /* AppDelegate.swift in Sources */,
				84F9B7A025DF472700A87186 /* SceneDelegate.swift in Sources */,
			);
			runOnlyForDeploymentPostprocessing = 0;
		};
		84F9B7AC25DF472900A87186 /* Sources */ = {
			isa = PBXSourcesBuildPhase;
			buildActionMask = 2147483647;
			files = (
				84F9B7B525DF472900A87186 /* FlixsterTests.swift in Sources */,
			);
			runOnlyForDeploymentPostprocessing = 0;
		};
		84F9B7B725DF472900A87186 /* Sources */ = {
			isa = PBXSourcesBuildPhase;
			buildActionMask = 2147483647;
			files = (
				84F9B7C025DF472900A87186 /* FlixsterUITests.swift in Sources */,
			);
			runOnlyForDeploymentPostprocessing = 0;
		};
/* End PBXSourcesBuildPhase section */

/* Begin PBXTargetDependency section */
		84F9B7B225DF472900A87186 /* PBXTargetDependency */ = {
			isa = PBXTargetDependency;
			target = 84F9B79925DF472700A87186 /* Flixster */;
			targetProxy = 84F9B7B125DF472900A87186 /* PBXContainerItemProxy */;
		};
		84F9B7BD25DF472900A87186 /* PBXTargetDependency */ = {
			isa = PBXTargetDependency;
			target = 84F9B79925DF472700A87186 /* Flixster */;
			targetProxy = 84F9B7BC25DF472900A87186 /* PBXContainerItemProxy */;
		};
/* End PBXTargetDependency section */

/* Begin PBXVariantGroup section */
		84F9B7A325DF472700A87186 /* Main.storyboard */ = {
			isa = PBXVariantGroup;
			children = (
				84F9B7A425DF472700A87186 /* Base */,
			);
			name = Main.storyboard;
			sourceTree = "<group>";
		};
		84F9B7A825DF472900A87186 /* LaunchScreen.storyboard */ = {
			isa = PBXVariantGroup;
			children = (
				84F9B7A925DF472900A87186 /* Base */,
			);
			name = LaunchScreen.storyboard;
			sourceTree = "<group>";
		};
/* End PBXVariantGroup section */

/* Begin XCBuildConfiguration section */
		84F9B7C225DF472900A87186 /* Debug */ = {
			isa = XCBuildConfiguration;
			buildSettings = {
				ALWAYS_SEARCH_USER_PATHS = NO;
				CLANG_ANALYZER_NONNULL = YES;
				CLANG_ANALYZER_NUMBER_OBJECT_CONVERSION = YES_AGGRESSIVE;
				CLANG_CXX_LANGUAGE_STANDARD = "gnu++14";
				CLANG_CXX_LIBRARY = "libc++";
				CLANG_ENABLE_MODULES = YES;
				CLANG_ENABLE_OBJC_ARC = YES;
				CLANG_ENABLE_OBJC_WEAK = YES;
				CLANG_WARN_BLOCK_CAPTURE_AUTORELEASING = YES;
				CLANG_WARN_BOOL_CONVERSION = YES;
				CLANG_WARN_COMMA = YES;
				CLANG_WARN_CONSTANT_CONVERSION = YES;
				CLANG_WARN_DEPRECATED_OBJC_IMPLEMENTATIONS = YES;
				CLANG_WARN_DIRECT_OBJC_ISA_USAGE = YES_ERROR;
				CLANG_WARN_DOCUMENTATION_COMMENTS = YES;
				CLANG_WARN_EMPTY_BODY = YES;
				CLANG_WARN_ENUM_CONVERSION = YES;
				CLANG_WARN_INFINITE_RECURSION = YES;
				CLANG_WARN_INT_CONVERSION = YES;
				CLANG_WARN_NON_LITERAL_NULL_CONVERSION = YES;
				CLANG_WARN_OBJC_IMPLICIT_RETAIN_SELF = YES;
				CLANG_WARN_OBJC_LITERAL_CONVERSION = YES;
				CLANG_WARN_OBJC_ROOT_CLASS = YES_ERROR;
				CLANG_WARN_QUOTED_INCLUDE_IN_FRAMEWORK_HEADER = YES;
				CLANG_WARN_RANGE_LOOP_ANALYSIS = YES;
				CLANG_WARN_STRICT_PROTOTYPES = YES;
				CLANG_WARN_SUSPICIOUS_MOVE = YES;
				CLANG_WARN_UNGUARDED_AVAILABILITY = YES_AGGRESSIVE;
				CLANG_WARN_UNREACHABLE_CODE = YES;
				CLANG_WARN__DUPLICATE_METHOD_MATCH = YES;
				COPY_PHASE_STRIP = NO;
				DEBUG_INFORMATION_FORMAT = dwarf;
				ENABLE_STRICT_OBJC_MSGSEND = YES;
				ENABLE_TESTABILITY = YES;
				GCC_C_LANGUAGE_STANDARD = gnu11;
				GCC_DYNAMIC_NO_PIC = NO;
				GCC_NO_COMMON_BLOCKS = YES;
				GCC_OPTIMIZATION_LEVEL = 0;
				GCC_PREPROCESSOR_DEFINITIONS = (
					"DEBUG=1",
					"$(inherited)",
				);
				GCC_WARN_64_TO_32_BIT_CONVERSION = YES;
				GCC_WARN_ABOUT_RETURN_TYPE = YES_ERROR;
				GCC_WARN_UNDECLARED_SELECTOR = YES;
				GCC_WARN_UNINITIALIZED_AUTOS = YES_AGGRESSIVE;
				GCC_WARN_UNUSED_FUNCTION = YES;
				GCC_WARN_UNUSED_VARIABLE = YES;
				IPHONEOS_DEPLOYMENT_TARGET = 14.4;
				MTL_ENABLE_DEBUG_INFO = INCLUDE_SOURCE;
				MTL_FAST_MATH = YES;
				ONLY_ACTIVE_ARCH = YES;
				SDKROOT = iphoneos;
				SWIFT_ACTIVE_COMPILATION_CONDITIONS = DEBUG;
				SWIFT_OPTIMIZATION_LEVEL = "-Onone";
			};
			name = Debug;
		};
		84F9B7C325DF472900A87186 /* Release */ = {
			isa = XCBuildConfiguration;
			buildSettings = {
				ALWAYS_SEARCH_USER_PATHS = NO;
				CLANG_ANALYZER_NONNULL = YES;
				CLANG_ANALYZER_NUMBER_OBJECT_CONVERSION = YES_AGGRESSIVE;
				CLANG_CXX_LANGUAGE_STANDARD = "gnu++14";
				CLANG_CXX_LIBRARY = "libc++";
				CLANG_ENABLE_MODULES = YES;
				CLANG_ENABLE_OBJC_ARC = YES;
				CLANG_ENABLE_OBJC_WEAK = YES;
				CLANG_WARN_BLOCK_CAPTURE_AUTORELEASING = YES;
				CLANG_WARN_BOOL_CONVERSION = YES;
				CLANG_WARN_COMMA = YES;
				CLANG_WARN_CONSTANT_CONVERSION = YES;
				CLANG_WARN_DEPRECATED_OBJC_IMPLEMENTATIONS = YES;
				CLANG_WARN_DIRECT_OBJC_ISA_USAGE = YES_ERROR;
				CLANG_WARN_DOCUMENTATION_COMMENTS = YES;
				CLANG_WARN_EMPTY_BODY = YES;
				CLANG_WARN_ENUM_CONVERSION = YES;
				CLANG_WARN_INFINITE_RECURSION = YES;
				CLANG_WARN_INT_CONVERSION = YES;
				CLANG_WARN_NON_LITERAL_NULL_CONVERSION = YES;
				CLANG_WARN_OBJC_IMPLICIT_RETAIN_SELF = YES;
				CLANG_WARN_OBJC_LITERAL_CONVERSION = YES;
				CLANG_WARN_OBJC_ROOT_CLASS = YES_ERROR;
				CLANG_WARN_QUOTED_INCLUDE_IN_FRAMEWORK_HEADER = YES;
				CLANG_WARN_RANGE_LOOP_ANALYSIS = YES;
				CLANG_WARN_STRICT_PROTOTYPES = YES;
				CLANG_WARN_SUSPICIOUS_MOVE = YES;
				CLANG_WARN_UNGUARDED_AVAILABILITY = YES_AGGRESSIVE;
				CLANG_WARN_UNREACHABLE_CODE = YES;
				CLANG_WARN__DUPLICATE_METHOD_MATCH = YES;
				COPY_PHASE_STRIP = NO;
				DEBUG_INFORMATION_FORMAT = "dwarf-with-dsym";
				ENABLE_NS_ASSERTIONS = NO;
				ENABLE_STRICT_OBJC_MSGSEND = YES;
				GCC_C_LANGUAGE_STANDARD = gnu11;
				GCC_NO_COMMON_BLOCKS = YES;
				GCC_WARN_64_TO_32_BIT_CONVERSION = YES;
				GCC_WARN_ABOUT_RETURN_TYPE = YES_ERROR;
				GCC_WARN_UNDECLARED_SELECTOR = YES;
				GCC_WARN_UNINITIALIZED_AUTOS = YES_AGGRESSIVE;
				GCC_WARN_UNUSED_FUNCTION = YES;
				GCC_WARN_UNUSED_VARIABLE = YES;
				IPHONEOS_DEPLOYMENT_TARGET = 14.4;
				MTL_ENABLE_DEBUG_INFO = NO;
				MTL_FAST_MATH = YES;
				SDKROOT = iphoneos;
				SWIFT_COMPILATION_MODE = wholemodule;
				SWIFT_OPTIMIZATION_LEVEL = "-O";
				VALIDATE_PRODUCT = YES;
			};
			name = Release;
		};
		84F9B7C525DF472900A87186 /* Debug */ = {
			isa = XCBuildConfiguration;
			buildSettings = {
				ASSETCATALOG_COMPILER_APPICON_NAME = AppIcon;
				ASSETCATALOG_COMPILER_GLOBAL_ACCENT_COLOR_NAME = AccentColor;
				CODE_SIGN_STYLE = Automatic;
				INFOPLIST_FILE = Flixster/Info.plist;
				LD_RUNPATH_SEARCH_PATHS = (
					"$(inherited)",
					"@executable_path/Frameworks",
				);
				PRODUCT_BUNDLE_IDENTIFIER = codejeevan.Flixster;
				PRODUCT_NAME = "$(TARGET_NAME)";
				SWIFT_VERSION = 5.0;
				TARGETED_DEVICE_FAMILY = "1,2";
			};
			name = Debug;
		};
		84F9B7C625DF472900A87186 /* Release */ = {
			isa = XCBuildConfiguration;
			buildSettings = {
				ASSETCATALOG_COMPILER_APPICON_NAME = AppIcon;
				ASSETCATALOG_COMPILER_GLOBAL_ACCENT_COLOR_NAME = AccentColor;
				CODE_SIGN_STYLE = Automatic;
				INFOPLIST_FILE = Flixster/Info.plist;
				LD_RUNPATH_SEARCH_PATHS = (
					"$(inherited)",
					"@executable_path/Frameworks",
				);
				PRODUCT_BUNDLE_IDENTIFIER = codejeevan.Flixster;
				PRODUCT_NAME = "$(TARGET_NAME)";
				SWIFT_VERSION = 5.0;
				TARGETED_DEVICE_FAMILY = "1,2";
			};
			name = Release;
		};
		84F9B7C825DF472900A87186 /* Debug */ = {
			isa = XCBuildConfiguration;
			buildSettings = {
				ALWAYS_EMBED_SWIFT_STANDARD_LIBRARIES = YES;
				BUNDLE_LOADER = "$(TEST_HOST)";
				CODE_SIGN_STYLE = Automatic;
				INFOPLIST_FILE = FlixsterTests/Info.plist;
				IPHONEOS_DEPLOYMENT_TARGET = 14.4;
				LD_RUNPATH_SEARCH_PATHS = (
					"$(inherited)",
					"@executable_path/Frameworks",
					"@loader_path/Frameworks",
				);
				PRODUCT_BUNDLE_IDENTIFIER = codejeevan.FlixsterTests;
				PRODUCT_NAME = "$(TARGET_NAME)";
				SWIFT_VERSION = 5.0;
				TARGETED_DEVICE_FAMILY = "1,2";
				TEST_HOST = "$(BUILT_PRODUCTS_DIR)/Flixster.app/Flixster";
			};
			name = Debug;
		};
		84F9B7C925DF472900A87186 /* Release */ = {
			isa = XCBuildConfiguration;
			buildSettings = {
				ALWAYS_EMBED_SWIFT_STANDARD_LIBRARIES = YES;
				BUNDLE_LOADER = "$(TEST_HOST)";
				CODE_SIGN_STYLE = Automatic;
				INFOPLIST_FILE = FlixsterTests/Info.plist;
				IPHONEOS_DEPLOYMENT_TARGET = 14.4;
				LD_RUNPATH_SEARCH_PATHS = (
					"$(inherited)",
					"@executable_path/Frameworks",
					"@loader_path/Frameworks",
				);
				PRODUCT_BUNDLE_IDENTIFIER = codejeevan.FlixsterTests;
				PRODUCT_NAME = "$(TARGET_NAME)";
				SWIFT_VERSION = 5.0;
				TARGETED_DEVICE_FAMILY = "1,2";
				TEST_HOST = "$(BUILT_PRODUCTS_DIR)/Flixster.app/Flixster";
			};
			name = Release;
		};
		84F9B7CB25DF472900A87186 /* Debug */ = {
			isa = XCBuildConfiguration;
			buildSettings = {
				ALWAYS_EMBED_SWIFT_STANDARD_LIBRARIES = YES;
				CODE_SIGN_STYLE = Automatic;
				INFOPLIST_FILE = FlixsterUITests/Info.plist;
				LD_RUNPATH_SEARCH_PATHS = (
					"$(inherited)",
					"@executable_path/Frameworks",
					"@loader_path/Frameworks",
				);
				PRODUCT_BUNDLE_IDENTIFIER = codejeevan.FlixsterUITests;
				PRODUCT_NAME = "$(TARGET_NAME)";
				SWIFT_VERSION = 5.0;
				TARGETED_DEVICE_FAMILY = "1,2";
				TEST_TARGET_NAME = Flixster;
			};
			name = Debug;
		};
		84F9B7CC25DF472900A87186 /* Release */ = {
			isa = XCBuildConfiguration;
			buildSettings = {
				ALWAYS_EMBED_SWIFT_STANDARD_LIBRARIES = YES;
				CODE_SIGN_STYLE = Automatic;
				INFOPLIST_FILE = FlixsterUITests/Info.plist;
				LD_RUNPATH_SEARCH_PATHS = (
					"$(inherited)",
					"@executable_path/Frameworks",
					"@loader_path/Frameworks",
				);
				PRODUCT_BUNDLE_IDENTIFIER = codejeevan.FlixsterUITests;
				PRODUCT_NAME = "$(TARGET_NAME)";
				SWIFT_VERSION = 5.0;
				TARGETED_DEVICE_FAMILY = "1,2";
				TEST_TARGET_NAME = Flixster;
			};
			name = Release;
		};
/* End XCBuildConfiguration section */

/* Begin XCConfigurationList section */
		84F9B79525DF472700A87186 /* Build configuration list for PBXProject "Flixster" */ = {
			isa = XCConfigurationList;
			buildConfigurations = (
				84F9B7C225DF472900A87186 /* Debug */,
				84F9B7C325DF472900A87186 /* Release */,
			);
			defaultConfigurationIsVisible = 0;
			defaultConfigurationName = Release;
		};
		84F9B7C425DF472900A87186 /* Build configuration list for PBXNativeTarget "Flixster" */ = {
			isa = XCConfigurationList;
			buildConfigurations = (
				84F9B7C525DF472900A87186 /* Debug */,
				84F9B7C625DF472900A87186 /* Release */,
			);
			defaultConfigurationIsVisible = 0;
			defaultConfigurationName = Release;
		};
		84F9B7C725DF472900A87186 /* Build configuration list for PBXNativeTarget "FlixsterTests" */ = {
			isa = XCConfigurationList;
			buildConfigurations = (
				84F9B7C825DF472900A87186 /* Debug */,
				84F9B7C925DF472900A87186 /* Release */,
			);
			defaultConfigurationIsVisible = 0;
			defaultConfigurationName = Release;
		};
		84F9B7CA25DF472900A87186 /* Build configuration list for PBXNativeTarget "FlixsterUITests" */ = {
			isa = XCConfigurationList;
			buildConfigurations = (
				84F9B7CB25DF472900A87186 /* Debug */,
				84F9B7CC25DF472900A87186 /* Release */,
			);
			defaultConfigurationIsVisible = 0;
			defaultConfigurationName = Release;
		};
/* End XCConfigurationList section */
	};
	rootObject = 84F9B79225DF472700A87186 /* Project object */;
}
